{
  "name": "awesome-cnode",
  "version": "1.0.0",
  "lockfileVersion": 1,
  "requires": true,
  "dependencies": {
    "indento": {
      "version": "1.1.9",
      "resolved": "https://registry.npmjs.org/indento/-/indento-1.1.9.tgz",
      "integrity": "sha1-cHLu5p/rlglfUIrLaZz4UFAFGeg="
    },
    "json2md": {
      "version": "1.5.9",
      "resolved": "https://registry.npmjs.org/json2md/-/json2md-1.5.9.tgz",
      "integrity": "sha1-tH1rSrbRQtZx+fFJEDng6HQtqhc=",
      "requires": {
        "indento": "1.1.9"
      }
    }
  }
}
